
Microsoft Visual Studio Solution File, Format Version 12.00
# Visual Studio Version 16
VisualStudioVersion = 16.0.28902.138
MinimumVisualStudioVersion = 10.0.40219.1
Project("{9A19103F-16F7-4668-BE54-9A1E7A4F7556}") = "Blazor.GoogleMap.Server", "demo\Blazor.GoogleMap.Server\Blazor.GoogleMap.Server.csproj", "{9D7D3AA1-A81E-454B-9B17-0B35CDBDCC3C}"
EndProject
Project("{9A19103F-16F7-4668-BE54-9A1E7A4F7556}") = "Blazor.GoogleMap.Client", "demo\Blazor.GoogleMap.Client\Blazor.GoogleMap.Client.csproj", "{8015065B-010D-420B-9539-518D042BA0B4}"
EndProject
Project("{9A19103F-16F7-4668-BE54-9A1E7A4F7556}") = "Blazor.GoogleMap.Shared", "demo\Blazor.GoogleMap.Shared\Blazor.GoogleMap.Shared.csproj", "{5265BA8E-F1A9-436A-9A19-2AC97373E3D2}"
EndProject
Project("{2150E333-8FDC-42A3-9474-1A3956D46DE8}") = "demo", "demo", "{A76C4CD5-7315-48CE-8A01-122B0662BAA5}"
EndProject
Project("{2150E333-8FDC-42A3-9474-1A3956D46DE8}") = "src", "src", "{EB447513-2400-44A6-B2B1-A3E53EBFC999}"
EndProject
Project("{9A19103F-16F7-4668-BE54-9A1E7A4F7556}") = "Blazor.GoogleMap", "src\Blazor.GoogleMap\Blazor.GoogleMap.csproj", "{8833072A-796E-43D9-840C-346F4C80409E}"
EndProject
Project("{2150E333-8FDC-42A3-9474-1A3956D46DE8}") = "_solutionItems", "_solutionItems", "{8CF9F95D-44F9-48F8-B950-B337CBFA2F81}"
	ProjectSection(SolutionItems) = preProject
		README.md = README.md
	EndProjectSection
EndProject
Global
	GlobalSection(SolutionConfigurationPlatforms) = preSolution
		Debug|Any CPU = Debug|Any CPU
		Release|Any CPU = Release|Any CPU
	EndGlobalSection
	GlobalSection(ProjectConfigurationPlatforms) = postSolution
		{9D7D3AA1-A81E-454B-9B17-0B35CDBDCC3C}.Debug|Any CPU.ActiveCfg = Debug|Any CPU
		{9D7D3AA1-A81E-454B-9B17-0B35CDBDCC3C}.Debug|Any CPU.Build.0 = Debug|Any CPU
		{9D7D3AA1-A81E-454B-9B17-0B35CDBDCC3C}.Release|Any CPU.ActiveCfg = Release|Any CPU
		{9D7D3AA1-A81E-454B-9B17-0B35CDBDCC3C}.Release|Any CPU.Build.0 = Release|Any CPU
		{8015065B-010D-420B-9539-518D042BA0B4}.Debug|Any CPU.ActiveCfg = Debug|Any CPU
		{8015065B-010D-420B-9539-518D042BA0B4}.Debug|Any CPU.Build.0 = Debug|Any CPU
		{8015065B-010D-420B-9539-518D042BA0B4}.Release|Any CPU.ActiveCfg = Release|Any CPU
		{8015065B-010D-420B-9539-518D042BA0B4}.Release|Any CPU.Build.0 = Release|Any CPU
		{5265BA8E-F1A9-436A-9A19-2AC97373E3D2}.Debug|Any CPU.ActiveCfg = Debug|Any CPU
		{5265BA8E-F1A9-436A-9A19-2AC97373E3D2}.Debug|Any CPU.Build.0 = Debug|Any CPU
		{5265BA8E-F1A9-436A-9A19-2AC97373E3D2}.Release|Any CPU.ActiveCfg = Release|Any CPU
		{5265BA8E-F1A9-436A-9A19-2AC97373E3D2}.Release|Any CPU.Build.0 = Release|Any CPU
		{8833072A-796E-43D9-840C-346F4C80409E}.Debug|Any CPU.ActiveCfg = Debug|Any CPU
		{8833072A-796E-43D9-840C-346F4C80409E}.Debug|Any CPU.Build.0 = Debug|Any CPU
		{8833072A-796E-43D9-840C-346F4C80409E}.Release|Any CPU.ActiveCfg = Release|Any CPU
		{8833072A-796E-43D9-840C-346F4C80409E}.Release|Any CPU.Build.0 = Release|Any CPU
	EndGlobalSection
	GlobalSection(SolutionProperties) = preSolution
		HideSolutionNode = FALSE
	EndGlobalSection
	GlobalSection(NestedProjects) = preSolution
		{9D7D3AA1-A81E-454B-9B17-0B35CDBDCC3C} = {A76C4CD5-7315-48CE-8A01-122B0662BAA5}
		{8015065B-010D-420B-9539-518D042BA0B4} = {A76C4CD5-7315-48CE-8A01-122B0662BAA5}
		{5265BA8E-F1A9-436A-9A19-2AC97373E3D2} = {A76C4CD5-7315-48CE-8A01-122B0662BAA5}
		{8833072A-796E-43D9-840C-346F4C80409E} = {EB447513-2400-44A6-B2B1-A3E53EBFC999}
	EndGlobalSection
	GlobalSection(ExtensibilityGlobals) = postSolution
		SolutionGuid = {9FE02341-2660-48BD-A738-C721556C415E}
	EndGlobalSection
EndGlobal
