
Microsoft Visual Studio Solution File, Format Version 12.00
# Visual Studio Version 16
VisualStudioVersion = 16.0.28902.138
MinimumVisualStudioVersion = 10.0.40219.1
Project("{2150E333-8FDC-42A3-9474-1A3956D46DE8}") = "demo", "demo", "{A76C4CD5-7315-48CE-8A01-122B0662BAA5}"
EndProject
Project("{2150E333-8FDC-42A3-9474-1A3956D46DE8}") = "src", "src", "{EB447513-2400-44A6-B2B1-A3E53EBFC999}"
EndProject
Project("{9A19103F-16F7-4668-BE54-9A1E7A4F7556}") = "Blazor.GoogleMap", "src\Blazor.GoogleMap\Blazor.GoogleMap.csproj", "{8833072A-796E-43D9-840C-346F4C80409E}"
EndProject
Project("{2150E333-8FDC-42A3-9474-1A3956D46DE8}") = "_solutionItems", "_solutionItems", "{8CF9F95D-44F9-48F8-B950-B337CBFA2F81}"
	ProjectSection(SolutionItems) = preProject
		README.md = README.md
	EndProjectSection
EndProject
Project("{9A19103F-16F7-4668-BE54-9A1E7A4F7556}") = "Blazor.GoogleMap.Server", "demo\Blazor.GoogleMap.Server\Blazor.GoogleMap.Server.csproj", "{72279C45-BCD5-4F61-8E2B-179DED8BE123}"
EndProject
Global
	GlobalSection(SolutionConfigurationPlatforms) = preSolution
		Debug|Any CPU = Debug|Any CPU
		Release|Any CPU = Release|Any CPU
	EndGlobalSection
	GlobalSection(ProjectConfigurationPlatforms) = postSolution
		{8833072A-796E-43D9-840C-346F4C80409E}.Debug|Any CPU.ActiveCfg = Debug|Any CPU
		{8833072A-796E-43D9-840C-346F4C80409E}.Debug|Any CPU.Build.0 = Debug|Any CPU
		{8833072A-796E-43D9-840C-346F4C80409E}.Release|Any CPU.ActiveCfg = Release|Any CPU
		{8833072A-796E-43D9-840C-346F4C80409E}.Release|Any CPU.Build.0 = Release|Any CPU
		{72279C45-BCD5-4F61-8E2B-179DED8BE123}.Debug|Any CPU.ActiveCfg = Debug|Any CPU
		{72279C45-BCD5-4F61-8E2B-179DED8BE123}.Debug|Any CPU.Build.0 = Debug|Any CPU
		{72279C45-BCD5-4F61-8E2B-179DED8BE123}.Release|Any CPU.ActiveCfg = Release|Any CPU
		{72279C45-BCD5-4F61-8E2B-179DED8BE123}.Release|Any CPU.Build.0 = Release|Any CPU
	EndGlobalSection
	GlobalSection(SolutionProperties) = preSolution
		HideSolutionNode = FALSE
	EndGlobalSection
	GlobalSection(NestedProjects) = preSolution
		{8833072A-796E-43D9-840C-346F4C80409E} = {EB447513-2400-44A6-B2B1-A3E53EBFC999}
		{72279C45-BCD5-4F61-8E2B-179DED8BE123} = {A76C4CD5-7315-48CE-8A01-122B0662BAA5}
	EndGlobalSection
	GlobalSection(ExtensibilityGlobals) = postSolution
		SolutionGuid = {9FE02341-2660-48BD-A738-C721556C415E}
	EndGlobalSection
EndGlobal
